// !$*UTF8*$!
{
	archiveVersion = 1;
	classes = {
	};
	objectVersion = 56;
	objects = {

/* Begin PBXBuildFile section */
		6A1E12AF292CD5CC007BADC3 /* Fetcher.swift in Sources */ = {isa = PBXBuildFile; fileRef = 6A1E12AE292CD5CC007BADC3 /* Fetcher.swift */; };
		6A1E12B1292CD622007BADC3 /* EpisodeModel.swift in Sources */ = {isa = PBXBuildFile; fileRef = 6A1E12B0292CD622007BADC3 /* EpisodeModel.swift */; };
		6A1E12B3292CDA00007BADC3 /* EpisodeListViewController.swift in Sources */ = {isa = PBXBuildFile; fileRef = 6A1E12B2292CDA00007BADC3 /* EpisodeListViewController.swift */; };
		6A1E12B7292CE1A2007BADC3 /* ListViewControllerCell.swift in Sources */ = {isa = PBXBuildFile; fileRef = 6A1E12B6292CE1A2007BADC3 /* ListViewControllerCell.swift */; };
		6A1E12BA292CEA79007BADC3 /* DetailViewController.swift in Sources */ = {isa = PBXBuildFile; fileRef = 6A1E12B9292CEA79007BADC3 /* DetailViewController.swift */; };
		6A1E12BD292CFDD6007BADC3 /* DetailViewControllerViewModel.swift in Sources */ = {isa = PBXBuildFile; fileRef = 6A1E12BC292CFDD6007BADC3 /* DetailViewControllerViewModel.swift */; };
		6A1E12C02935F1EE007BADC3 /* UIImageView+loadFromURL.swift in Sources */ = {isa = PBXBuildFile; fileRef = 6A1E12BF2935F1EE007BADC3 /* UIImageView+loadFromURL.swift */; };
		6A2E64DE292CCE0E00DB33E9 /* AppDelegate.swift in Sources */ = {isa = PBXBuildFile; fileRef = 6A2E64DD292CCE0E00DB33E9 /* AppDelegate.swift */; };
		6A2E64E0292CCE0E00DB33E9 /* SceneDelegate.swift in Sources */ = {isa = PBXBuildFile; fileRef = 6A2E64DF292CCE0E00DB33E9 /* SceneDelegate.swift */; };
		6A2E64E7292CCE1000DB33E9 /* Assets.xcassets in Resources */ = {isa = PBXBuildFile; fileRef = 6A2E64E6292CCE1000DB33E9 /* Assets.xcassets */; };
		6A2E64EA292CCE1000DB33E9 /* LaunchScreen.storyboard in Resources */ = {isa = PBXBuildFile; fileRef = 6A2E64E8292CCE1000DB33E9 /* LaunchScreen.storyboard */; };
		6A2E64F5292CCE1000DB33E9 /* InterviewTests.swift in Sources */ = {isa = PBXBuildFile; fileRef = 6A2E64F4292CCE1000DB33E9 /* InterviewTests.swift */; };
		6A2E64FF292CCE1000DB33E9 /* InterviewUITests.swift in Sources */ = {isa = PBXBuildFile; fileRef = 6A2E64FE292CCE1000DB33E9 /* InterviewUITests.swift */; };
		6A2E6501292CCE1000DB33E9 /* InterviewUITestsLaunchTests.swift in Sources */ = {isa = PBXBuildFile; fileRef = 6A2E6500292CCE1000DB33E9 /* InterviewUITestsLaunchTests.swift */; };
/* End PBXBuildFile section */

/* Begin PBXContainerItemProxy section */
		6A2E64F1292CCE1000DB33E9 /* PBXContainerItemProxy */ = {
			isa = PBXContainerItemProxy;
			containerPortal = 6A2E64D2292CCE0E00DB33E9 /* Project object */;
			proxyType = 1;
			remoteGlobalIDString = 6A2E64D9292CCE0E00DB33E9;
			remoteInfo = Interview;
		};
		6A2E64FB292CCE1000DB33E9 /* PBXContainerItemProxy */ = {
			isa = PBXContainerItemProxy;
			containerPortal = 6A2E64D2292CCE0E00DB33E9 /* Project object */;
			proxyType = 1;
			remoteGlobalIDString = 6A2E64D9292CCE0E00DB33E9;
			remoteInfo = Interview;
		};
/* End PBXContainerItemProxy section */

/* Begin PBXFileReference section */
		6A1E12AE292CD5CC007BADC3 /* Fetcher.swift */ = {isa = PBXFileReference; lastKnownFileType = sourcecode.swift; path = Fetcher.swift; sourceTree = "<group>"; };
		6A1E12B0292CD622007BADC3 /* EpisodeModel.swift */ = {isa = PBXFileReference; lastKnownFileType = sourcecode.swift; path = EpisodeModel.swift; sourceTree = "<group>"; };
		6A1E12B2292CDA00007BADC3 /* EpisodeListViewController.swift */ = {isa = PBXFileReference; lastKnownFileType = sourcecode.swift; path = EpisodeListViewController.swift; sourceTree = "<group>"; };
		6A1E12B6292CE1A2007BADC3 /* ListViewControllerCell.swift */ = {isa = PBXFileReference; lastKnownFileType = sourcecode.swift; path = ListViewControllerCell.swift; sourceTree = "<group>"; };
		6A1E12B9292CEA79007BADC3 /* DetailViewController.swift */ = {isa = PBXFileReference; lastKnownFileType = sourcecode.swift; path = DetailViewController.swift; sourceTree = "<group>"; };
		6A1E12BC292CFDD6007BADC3 /* DetailViewControllerViewModel.swift */ = {isa = PBXFileReference; lastKnownFileType = sourcecode.swift; path = DetailViewControllerViewModel.swift; sourceTree = "<group>"; };
		6A1E12BF2935F1EE007BADC3 /* UIImageView+loadFromURL.swift */ = {isa = PBXFileReference; lastKnownFileType = sourcecode.swift; path = "UIImageView+loadFromURL.swift"; sourceTree = "<group>"; };
		6A2E64DA292CCE0E00DB33E9 /* Interview.app */ = {isa = PBXFileReference; explicitFileType = wrapper.application; includeInIndex = 0; path = Interview.app; sourceTree = BUILT_PRODUCTS_DIR; };
		6A2E64DD292CCE0E00DB33E9 /* AppDelegate.swift */ = {isa = PBXFileReference; lastKnownFileType = sourcecode.swift; path = AppDelegate.swift; sourceTree = "<group>"; };
		6A2E64DF292CCE0E00DB33E9 /* SceneDelegate.swift */ = {isa = PBXFileReference; lastKnownFileType = sourcecode.swift; path = SceneDelegate.swift; sourceTree = "<group>"; };
		6A2E64E6292CCE1000DB33E9 /* Assets.xcassets */ = {isa = PBXFileReference; lastKnownFileType = folder.assetcatalog; path = Assets.xcassets; sourceTree = "<group>"; };
		6A2E64E9292CCE1000DB33E9 /* Base */ = {isa = PBXFileReference; lastKnownFileType = file.storyboard; name = Base; path = Base.lproj/LaunchScreen.storyboard; sourceTree = "<group>"; };
		6A2E64EB292CCE1000DB33E9 /* Info.plist */ = {isa = PBXFileReference; lastKnownFileType = text.plist.xml; path = Info.plist; sourceTree = "<group>"; };
		6A2E64F0292CCE1000DB33E9 /* InterviewTests.xctest */ = {isa = PBXFileReference; explicitFileType = wrapper.cfbundle; includeInIndex = 0; path = InterviewTests.xctest; sourceTree = BUILT_PRODUCTS_DIR; };
		6A2E64F4292CCE1000DB33E9 /* InterviewTests.swift */ = {isa = PBXFileReference; lastKnownFileType = sourcecode.swift; path = InterviewTests.swift; sourceTree = "<group>"; };
		6A2E64FA292CCE1000DB33E9 /* InterviewUITests.xctest */ = {isa = PBXFileReference; explicitFileType = wrapper.cfbundle; includeInIndex = 0; path = InterviewUITests.xctest; sourceTree = BUILT_PRODUCTS_DIR; };
		6A2E64FE292CCE1000DB33E9 /* InterviewUITests.swift */ = {isa = PBXFileReference; lastKnownFileType = sourcecode.swift; path = InterviewUITests.swift; sourceTree = "<group>"; };
		6A2E6500292CCE1000DB33E9 /* InterviewUITestsLaunchTests.swift */ = {isa = PBXFileReference; lastKnownFileType = sourcecode.swift; path = InterviewUITestsLaunchTests.swift; sourceTree = "<group>"; };
/* End PBXFileReference section */

/* Begin PBXFrameworksBuildPhase section */
		6A2E64D7292CCE0E00DB33E9 /* Frameworks */ = {
			isa = PBXFrameworksBuildPhase;
			buildActionMask = 2147483647;
			files = (
			);
			runOnlyForDeploymentPostprocessing = 0;
		};
		6A2E64ED292CCE1000DB33E9 /* Frameworks */ = {
			isa = PBXFrameworksBuildPhase;
			buildActionMask = 2147483647;
			files = (
			);
			runOnlyForDeploymentPostprocessing = 0;
		};
		6A2E64F7292CCE1000DB33E9 /* Frameworks */ = {
			isa = PBXFrameworksBuildPhase;
			buildActionMask = 2147483647;
			files = (
			);
			runOnlyForDeploymentPostprocessing = 0;
		};
/* End PBXFrameworksBuildPhase section */

/* Begin PBXGroup section */
		6A1E12B8292CE1B6007BADC3 /* ListViewController */ = {
			isa = PBXGroup;
			children = (
				6A1E12B2292CDA00007BADC3 /* EpisodeListViewController.swift */,
				6A1E12B6292CE1A2007BADC3 /* ListViewControllerCell.swift */,
			);
			path = ListViewController;
			sourceTree = "<group>";
		};
		6A1E12BB292CFDC3007BADC3 /* DetailViewController */ = {
			isa = PBXGroup;
			children = (
				6A1E12B9292CEA79007BADC3 /* DetailViewController.swift */,
				6A1E12BC292CFDD6007BADC3 /* DetailViewControllerViewModel.swift */,
			);
			path = DetailViewController;
			sourceTree = "<group>";
		};
		6A1E12BE2935F1D0007BADC3 /* Util */ = {
			isa = PBXGroup;
			children = (
				6A1E12BF2935F1EE007BADC3 /* UIImageView+loadFromURL.swift */,
			);
			path = Util;
			sourceTree = "<group>";
		};
		6A2E64D1292CCE0E00DB33E9 = {
			isa = PBXGroup;
			children = (
				6A2E64DC292CCE0E00DB33E9 /* Interview */,
				6A2E64F3292CCE1000DB33E9 /* InterviewTests */,
				6A2E64FD292CCE1000DB33E9 /* InterviewUITests */,
				6A2E64DB292CCE0E00DB33E9 /* Products */,
			);
			sourceTree = "<group>";
		};
		6A2E64DB292CCE0E00DB33E9 /* Products */ = {
			isa = PBXGroup;
			children = (
				6A2E64DA292CCE0E00DB33E9 /* Interview.app */,
				6A2E64F0292CCE1000DB33E9 /* InterviewTests.xctest */,
				6A2E64FA292CCE1000DB33E9 /* InterviewUITests.xctest */,
			);
			name = Products;
			sourceTree = "<group>";
		};
		6A2E64DC292CCE0E00DB33E9 /* Interview */ = {
			isa = PBXGroup;
			children = (
				6A1E12BE2935F1D0007BADC3 /* Util */,
				6A2E64DD292CCE0E00DB33E9 /* AppDelegate.swift */,
				6A2E64DF292CCE0E00DB33E9 /* SceneDelegate.swift */,
				6A2E64E6292CCE1000DB33E9 /* Assets.xcassets */,
				6A2E64E8292CCE1000DB33E9 /* LaunchScreen.storyboard */,
				6A2E64EB292CCE1000DB33E9 /* Info.plist */,
				6A1E12AE292CD5CC007BADC3 /* Fetcher.swift */,
				6A1E12B0292CD622007BADC3 /* EpisodeModel.swift */,
				6A1E12B8292CE1B6007BADC3 /* ListViewController */,
				6A1E12BB292CFDC3007BADC3 /* DetailViewController */,
			);
			path = Interview;
			sourceTree = "<group>";
		};
		6A2E64F3292CCE1000DB33E9 /* InterviewTests */ = {
			isa = PBXGroup;
			children = (
				6A2E64F4292CCE1000DB33E9 /* InterviewTests.swift */,
			);
			path = InterviewTests;
			sourceTree = "<group>";
		};
		6A2E64FD292CCE1000DB33E9 /* InterviewUITests */ = {
			isa = PBXGroup;
			children = (
				6A2E64FE292CCE1000DB33E9 /* InterviewUITests.swift */,
				6A2E6500292CCE1000DB33E9 /* InterviewUITestsLaunchTests.swift */,
			);
			path = InterviewUITests;
			sourceTree = "<group>";
		};
/* End PBXGroup section */

/* Begin PBXNativeTarget section */
		6A2E64D9292CCE0E00DB33E9 /* Interview */ = {
			isa = PBXNativeTarget;
			buildConfigurationList = 6A2E6504292CCE1000DB33E9 /* Build configuration list for PBXNativeTarget "Interview" */;
			buildPhases = (
				6A2E64D6292CCE0E00DB33E9 /* Sources */,
				6A2E64D7292CCE0E00DB33E9 /* Frameworks */,
				6A2E64D8292CCE0E00DB33E9 /* Resources */,
			);
			buildRules = (
			);
			dependencies = (
			);
			name = Interview;
			productName = Interview;
			productReference = 6A2E64DA292CCE0E00DB33E9 /* Interview.app */;
			productType = "com.apple.product-type.application";
		};
		6A2E64EF292CCE1000DB33E9 /* InterviewTests */ = {
			isa = PBXNativeTarget;
			buildConfigurationList = 6A2E6507292CCE1000DB33E9 /* Build configuration list for PBXNativeTarget "InterviewTests" */;
			buildPhases = (
				6A2E64EC292CCE1000DB33E9 /* Sources */,
				6A2E64ED292CCE1000DB33E9 /* Frameworks */,
				6A2E64EE292CCE1000DB33E9 /* Resources */,
			);
			buildRules = (
			);
			dependencies = (
				6A2E64F2292CCE1000DB33E9 /* PBXTargetDependency */,
			);
			name = InterviewTests;
			productName = InterviewTests;
			productReference = 6A2E64F0292CCE1000DB33E9 /* InterviewTests.xctest */;
			productType = "com.apple.product-type.bundle.unit-test";
		};
		6A2E64F9292CCE1000DB33E9 /* InterviewUITests */ = {
			isa = PBXNativeTarget;
			buildConfigurationList = 6A2E650A292CCE1000DB33E9 /* Build configuration list for PBXNativeTarget "InterviewUITests" */;
			buildPhases = (
				6A2E64F6292CCE1000DB33E9 /* Sources */,
				6A2E64F7292CCE1000DB33E9 /* Frameworks */,
				6A2E64F8292CCE1000DB33E9 /* Resources */,
			);
			buildRules = (
			);
			dependencies = (
				6A2E64FC292CCE1000DB33E9 /* PBXTargetDependency */,
			);
			name = InterviewUITests;
			productName = InterviewUITests;
			productReference = 6A2E64FA292CCE1000DB33E9 /* InterviewUITests.xctest */;
			productType = "com.apple.product-type.bundle.ui-testing";
		};
/* End PBXNativeTarget section */

/* Begin PBXProject section */
		6A2E64D2292CCE0E00DB33E9 /* Project object */ = {
			isa = PBXProject;
			attributes = {
				BuildIndependentTargetsInParallel = 1;
				LastSwiftUpdateCheck = 1400;
				LastUpgradeCheck = 1400;
				TargetAttributes = {
					6A2E64D9292CCE0E00DB33E9 = {
						CreatedOnToolsVersion = 14.0.1;
					};
					6A2E64EF292CCE1000DB33E9 = {
						CreatedOnToolsVersion = 14.0.1;
						TestTargetID = 6A2E64D9292CCE0E00DB33E9;
					};
					6A2E64F9292CCE1000DB33E9 = {
						CreatedOnToolsVersion = 14.0.1;
						TestTargetID = 6A2E64D9292CCE0E00DB33E9;
					};
				};
			};
			buildConfigurationList = 6A2E64D5292CCE0E00DB33E9 /* Build configuration list for PBXProject "Interview" */;
			compatibilityVersion = "Xcode 14.0";
			developmentRegion = en;
			hasScannedForEncodings = 0;
			knownRegions = (
				en,
				Base,
			);
			mainGroup = 6A2E64D1292CCE0E00DB33E9;
			productRefGroup = 6A2E64DB292CCE0E00DB33E9 /* Products */;
			projectDirPath = "";
			projectRoot = "";
			targets = (
				6A2E64D9292CCE0E00DB33E9 /* Interview */,
				6A2E64EF292CCE1000DB33E9 /* InterviewTests */,
				6A2E64F9292CCE1000DB33E9 /* InterviewUITests */,
			);
		};
/* End PBXProject section */

/* Begin PBXResourcesBuildPhase section */
		6A2E64D8292CCE0E00DB33E9 /* Resources */ = {
			isa = PBXResourcesBuildPhase;
			buildActionMask = 2147483647;
			files = (
				6A2E64EA292CCE1000DB33E9 /* LaunchScreen.storyboard in Resources */,
				6A2E64E7292CCE1000DB33E9 /* Assets.xcassets in Resources */,
			);
			runOnlyForDeploymentPostprocessing = 0;
		};
		6A2E64EE292CCE1000DB33E9 /* Resources */ = {
			isa = PBXResourcesBuildPhase;
			buildActionMask = 2147483647;
			files = (
			);
			runOnlyForDeploymentPostprocessing = 0;
		};
		6A2E64F8292CCE1000DB33E9 /* Resources */ = {
			isa = PBXResourcesBuildPhase;
			buildActionMask = 2147483647;
			files = (
			);
			runOnlyForDeploymentPostprocessing = 0;
		};
/* End PBXResourcesBuildPhase section */

/* Begin PBXSourcesBuildPhase section */
		6A2E64D6292CCE0E00DB33E9 /* Sources */ = {
			isa = PBXSourcesBuildPhase;
			buildActionMask = 2147483647;
			files = (
				6A1E12BD292CFDD6007BADC3 /* DetailViewControllerViewModel.swift in Sources */,
				6A2E64DE292CCE0E00DB33E9 /* AppDelegate.swift in Sources */,
				6A1E12B7292CE1A2007BADC3 /* ListViewControllerCell.swift in Sources */,
				6A1E12B3292CDA00007BADC3 /* EpisodeListViewController.swift in Sources */,
				6A1E12C02935F1EE007BADC3 /* UIImageView+loadFromURL.swift in Sources */,
				6A2E64E0292CCE0E00DB33E9 /* SceneDelegate.swift in Sources */,
				6A1E12AF292CD5CC007BADC3 /* Fetcher.swift in Sources */,
				6A1E12B1292CD622007BADC3 /* EpisodeModel.swift in Sources */,
				6A1E12BA292CEA79007BADC3 /* DetailViewController.swift in Sources */,
			);
			runOnlyForDeploymentPostprocessing = 0;
		};
		6A2E64EC292CCE1000DB33E9 /* Sources */ = {
			isa = PBXSourcesBuildPhase;
			buildActionMask = 2147483647;
			files = (
				6A2E64F5292CCE1000DB33E9 /* InterviewTests.swift in Sources */,
			);
			runOnlyForDeploymentPostprocessing = 0;
		};
		6A2E64F6292CCE1000DB33E9 /* Sources */ = {
			isa = PBXSourcesBuildPhase;
			buildActionMask = 2147483647;
			files = (
				6A2E6501292CCE1000DB33E9 /* InterviewUITestsLaunchTests.swift in Sources */,
				6A2E64FF292CCE1000DB33E9 /* InterviewUITests.swift in Sources */,
			);
			runOnlyForDeploymentPostprocessing = 0;
		};
/* End PBXSourcesBuildPhase section */

/* Begin PBXTargetDependency section */
		6A2E64F2292CCE1000DB33E9 /* PBXTargetDependency */ = {
			isa = PBXTargetDependency;
			target = 6A2E64D9292CCE0E00DB33E9 /* Interview */;
			targetProxy = 6A2E64F1292CCE1000DB33E9 /* PBXContainerItemProxy */;
		};
		6A2E64FC292CCE1000DB33E9 /* PBXTargetDependency */ = {
			isa = PBXTargetDependency;
			target = 6A2E64D9292CCE0E00DB33E9 /* Interview */;
			targetProxy = 6A2E64FB292CCE1000DB33E9 /* PBXContainerItemProxy */;
		};
/* End PBXTargetDependency section */

/* Begin PBXVariantGroup section */
		6A2E64E8292CCE1000DB33E9 /* LaunchScreen.storyboard */ = {
			isa = PBXVariantGroup;
			children = (
				6A2E64E9292CCE1000DB33E9 /* Base */,
			);
			name = LaunchScreen.storyboard;
			sourceTree = "<group>";
		};
/* End PBXVariantGroup section */

/* Begin XCBuildConfiguration section */
		6A2E6502292CCE1000DB33E9 /* Debug */ = {
			isa = XCBuildConfiguration;
			buildSettings = {
				ALWAYS_SEARCH_USER_PATHS = NO;
				CLANG_ANALYZER_NONNULL = YES;
				CLANG_ANALYZER_NUMBER_OBJECT_CONVERSION = YES_AGGRESSIVE;
				CLANG_CXX_LANGUAGE_STANDARD = "gnu++20";
				CLANG_ENABLE_MODULES = YES;
				CLANG_ENABLE_OBJC_ARC = YES;
				CLANG_ENABLE_OBJC_WEAK = YES;
				CLANG_WARN_BLOCK_CAPTURE_AUTORELEASING = YES;
				CLANG_WARN_BOOL_CONVERSION = YES;
				CLANG_WARN_COMMA = YES;
				CLANG_WARN_CONSTANT_CONVERSION = YES;
				CLANG_WARN_DEPRECATED_OBJC_IMPLEMENTATIONS = YES;
				CLANG_WARN_DIRECT_OBJC_ISA_USAGE = YES_ERROR;
				CLANG_WARN_DOCUMENTATION_COMMENTS = YES;
				CLANG_WARN_EMPTY_BODY = YES;
				CLANG_WARN_ENUM_CONVERSION = YES;
				CLANG_WARN_INFINITE_RECURSION = YES;
				CLANG_WARN_INT_CONVERSION = YES;
				CLANG_WARN_NON_LITERAL_NULL_CONVERSION = YES;
				CLANG_WARN_OBJC_IMPLICIT_RETAIN_SELF = YES;
				CLANG_WARN_OBJC_LITERAL_CONVERSION = YES;
				CLANG_WARN_OBJC_ROOT_CLASS = YES_ERROR;
				CLANG_WARN_QUOTED_INCLUDE_IN_FRAMEWORK_HEADER = YES;
				CLANG_WARN_RANGE_LOOP_ANALYSIS = YES;
				CLANG_WARN_STRICT_PROTOTYPES = YES;
				CLANG_WARN_SUSPICIOUS_MOVE = YES;
				CLANG_WARN_UNGUARDED_AVAILABILITY = YES_AGGRESSIVE;
				CLANG_WARN_UNREACHABLE_CODE = YES;
				CLANG_WARN__DUPLICATE_METHOD_MATCH = YES;
				COPY_PHASE_STRIP = NO;
				DEBUG_INFORMATION_FORMAT = dwarf;
				ENABLE_STRICT_OBJC_MSGSEND = YES;
				ENABLE_TESTABILITY = YES;
				GCC_C_LANGUAGE_STANDARD = gnu11;
				GCC_DYNAMIC_NO_PIC = NO;
				GCC_NO_COMMON_BLOCKS = YES;
				GCC_OPTIMIZATION_LEVEL = 0;
				GCC_PREPROCESSOR_DEFINITIONS = (
					"DEBUG=1",
					"$(inherited)",
				);
				GCC_WARN_64_TO_32_BIT_CONVERSION = YES;
				GCC_WARN_ABOUT_RETURN_TYPE = YES_ERROR;
				GCC_WARN_UNDECLARED_SELECTOR = YES;
				GCC_WARN_UNINITIALIZED_AUTOS = YES_AGGRESSIVE;
				GCC_WARN_UNUSED_FUNCTION = YES;
				GCC_WARN_UNUSED_VARIABLE = YES;
				IPHONEOS_DEPLOYMENT_TARGET = 16.0;
				MTL_ENABLE_DEBUG_INFO = INCLUDE_SOURCE;
				MTL_FAST_MATH = YES;
				ONLY_ACTIVE_ARCH = YES;
				SDKROOT = iphoneos;
				SWIFT_ACTIVE_COMPILATION_CONDITIONS = DEBUG;
				SWIFT_OPTIMIZATION_LEVEL = "-Onone";
			};
			name = Debug;
		};
		6A2E6503292CCE1000DB33E9 /* Release */ = {
			isa = XCBuildConfiguration;
			buildSettings = {
				ALWAYS_SEARCH_USER_PATHS = NO;
				CLANG_ANALYZER_NONNULL = YES;
				CLANG_ANALYZER_NUMBER_OBJECT_CONVERSION = YES_AGGRESSIVE;
				CLANG_CXX_LANGUAGE_STANDARD = "gnu++20";
				CLANG_ENABLE_MODULES = YES;
				CLANG_ENABLE_OBJC_ARC = YES;
				CLANG_ENABLE_OBJC_WEAK = YES;
				CLANG_WARN_BLOCK_CAPTURE_AUTORELEASING = YES;
				CLANG_WARN_BOOL_CONVERSION = YES;
				CLANG_WARN_COMMA = YES;
				CLANG_WARN_CONSTANT_CONVERSION = YES;
				CLANG_WARN_DEPRECATED_OBJC_IMPLEMENTATIONS = YES;
				CLANG_WARN_DIRECT_OBJC_ISA_USAGE = YES_ERROR;
				CLANG_WARN_DOCUMENTATION_COMMENTS = YES;
				CLANG_WARN_EMPTY_BODY = YES;
				CLANG_WARN_ENUM_CONVERSION = YES;
				CLANG_WARN_INFINITE_RECURSION = YES;
				CLANG_WARN_INT_CONVERSION = YES;
				CLANG_WARN_NON_LITERAL_NULL_CONVERSION = YES;
				CLANG_WARN_OBJC_IMPLICIT_RETAIN_SELF = YES;
				CLANG_WARN_OBJC_LITERAL_CONVERSION = YES;
				CLANG_WARN_OBJC_ROOT_CLASS = YES_ERROR;
				CLANG_WARN_QUOTED_INCLUDE_IN_FRAMEWORK_HEADER = YES;
				CLANG_WARN_RANGE_LOOP_ANALYSIS = YES;
				CLANG_WARN_STRICT_PROTOTYPES = YES;
				CLANG_WARN_SUSPICIOUS_MOVE = YES;
				CLANG_WARN_UNGUARDED_AVAILABILITY = YES_AGGRESSIVE;
				CLANG_WARN_UNREACHABLE_CODE = YES;
				CLANG_WARN__DUPLICATE_METHOD_MATCH = YES;
				COPY_PHASE_STRIP = NO;
				DEBUG_INFORMATION_FORMAT = "dwarf-with-dsym";
				ENABLE_NS_ASSERTIONS = NO;
				ENABLE_STRICT_OBJC_MSGSEND = YES;
				GCC_C_LANGUAGE_STANDARD = gnu11;
				GCC_NO_COMMON_BLOCKS = YES;
				GCC_WARN_64_TO_32_BIT_CONVERSION = YES;
				GCC_WARN_ABOUT_RETURN_TYPE = YES_ERROR;
				GCC_WARN_UNDECLARED_SELECTOR = YES;
				GCC_WARN_UNINITIALIZED_AUTOS = YES_AGGRESSIVE;
				GCC_WARN_UNUSED_FUNCTION = YES;
				GCC_WARN_UNUSED_VARIABLE = YES;
				IPHONEOS_DEPLOYMENT_TARGET = 16.0;
				MTL_ENABLE_DEBUG_INFO = NO;
				MTL_FAST_MATH = YES;
				SDKROOT = iphoneos;
				SWIFT_COMPILATION_MODE = wholemodule;
				SWIFT_OPTIMIZATION_LEVEL = "-O";
				VALIDATE_PRODUCT = YES;
			};
			name = Release;
		};
		6A2E6505292CCE1000DB33E9 /* Debug */ = {
			isa = XCBuildConfiguration;
			buildSettings = {
				ASSETCATALOG_COMPILER_APPICON_NAME = AppIcon;
				ASSETCATALOG_COMPILER_GLOBAL_ACCENT_COLOR_NAME = AccentColor;
				CODE_SIGN_STYLE = Automatic;
				CURRENT_PROJECT_VERSION = 1;
				DEVELOPMENT_TEAM = 9DLE7FXSES;
				GENERATE_INFOPLIST_FILE = YES;
				INFOPLIST_FILE = Interview/Info.plist;
				INFOPLIST_KEY_UIApplicationSupportsIndirectInputEvents = YES;
				INFOPLIST_KEY_UILaunchStoryboardName = LaunchScreen;
				INFOPLIST_KEY_UISupportedInterfaceOrientations_iPad = "UIInterfaceOrientationPortrait UIInterfaceOrientationPortraitUpsideDown UIInterfaceOrientationLandscapeLeft UIInterfaceOrientationLandscapeRight";
				INFOPLIST_KEY_UISupportedInterfaceOrientations_iPhone = "UIInterfaceOrientationPortrait UIInterfaceOrientationLandscapeLeft UIInterfaceOrientationLandscapeRight";
				LD_RUNPATH_SEARCH_PATHS = (
					"$(inherited)",
					"@executable_path/Frameworks",
				);
				MARKETING_VERSION = 1.0;
				PRODUCT_BUNDLE_IDENTIFIER = se.sr.Interview;
				PRODUCT_NAME = "$(TARGET_NAME)";
				SWIFT_EMIT_LOC_STRINGS = YES;
				SWIFT_VERSION = 5.0;
				TARGETED_DEVICE_FAMILY = "1,2";
			};
			name = Debug;
		};
		6A2E6506292CCE1000DB33E9 /* Release */ = {
			isa = XCBuildConfiguration;
			buildSettings = {
				ASSETCATALOG_COMPILER_APPICON_NAME = AppIcon;
				ASSETCATALOG_COMPILER_GLOBAL_ACCENT_COLOR_NAME = AccentColor;
				CODE_SIGN_STYLE = Automatic;
				CURRENT_PROJECT_VERSION = 1;
				DEVELOPMENT_TEAM = 9DLE7FXSES;
				GENERATE_INFOPLIST_FILE = YES;
				INFOPLIST_FILE = Interview/Info.plist;
				INFOPLIST_KEY_UIApplicationSupportsIndirectInputEvents = YES;
				INFOPLIST_KEY_UILaunchStoryboardName = LaunchScreen;
				INFOPLIST_KEY_UISupportedInterfaceOrientations_iPad = "UIInterfaceOrientationPortrait UIInterfaceOrientationPortraitUpsideDown UIInterfaceOrientationLandscapeLeft UIInterfaceOrientationLandscapeRight";
				INFOPLIST_KEY_UISupportedInterfaceOrientations_iPhone = "UIInterfaceOrientationPortrait UIInterfaceOrientationLandscapeLeft UIInterfaceOrientationLandscapeRight";
				LD_RUNPATH_SEARCH_PATHS = (
					"$(inherited)",
					"@executable_path/Frameworks",
				);
				MARKETING_VERSION = 1.0;
				PRODUCT_BUNDLE_IDENTIFIER = se.sr.Interview;
				PRODUCT_NAME = "$(TARGET_NAME)";
				SWIFT_EMIT_LOC_STRINGS = YES;
				SWIFT_VERSION = 5.0;
				TARGETED_DEVICE_FAMILY = "1,2";
			};
			name = Release;
		};
		6A2E6508292CCE1000DB33E9 /* Debug */ = {
			isa = XCBuildConfiguration;
			buildSettings = {
				ALWAYS_EMBED_SWIFT_STANDARD_LIBRARIES = YES;
				BUNDLE_LOADER = "$(TEST_HOST)";
				CODE_SIGN_STYLE = Automatic;
				CURRENT_PROJECT_VERSION = 1;
				DEVELOPMENT_TEAM = 9DLE7FXSES;
				GENERATE_INFOPLIST_FILE = YES;
				IPHONEOS_DEPLOYMENT_TARGET = 16.0;
				MARKETING_VERSION = 1.0;
				PRODUCT_BUNDLE_IDENTIFIER = se.sr.InterviewTests;
				PRODUCT_NAME = "$(TARGET_NAME)";
				SWIFT_EMIT_LOC_STRINGS = NO;
				SWIFT_VERSION = 5.0;
				TARGETED_DEVICE_FAMILY = "1,2";
				TEST_HOST = "$(BUILT_PRODUCTS_DIR)/Interview.app/$(BUNDLE_EXECUTABLE_FOLDER_PATH)/Interview";
			};
			name = Debug;
		};
		6A2E6509292CCE1000DB33E9 /* Release */ = {
			isa = XCBuildConfiguration;
			buildSettings = {
				ALWAYS_EMBED_SWIFT_STANDARD_LIBRARIES = YES;
				BUNDLE_LOADER = "$(TEST_HOST)";
				CODE_SIGN_STYLE = Automatic;
				CURRENT_PROJECT_VERSION = 1;
				DEVELOPMENT_TEAM = 9DLE7FXSES;
				GENERATE_INFOPLIST_FILE = YES;
				IPHONEOS_DEPLOYMENT_TARGET = 16.0;
				MARKETING_VERSION = 1.0;
				PRODUCT_BUNDLE_IDENTIFIER = se.sr.InterviewTests;
				PRODUCT_NAME = "$(TARGET_NAME)";
				SWIFT_EMIT_LOC_STRINGS = NO;
				SWIFT_VERSION = 5.0;
				TARGETED_DEVICE_FAMILY = "1,2";
				TEST_HOST = "$(BUILT_PRODUCTS_DIR)/Interview.app/$(BUNDLE_EXECUTABLE_FOLDER_PATH)/Interview";
			};
			name = Release;
		};
		6A2E650B292CCE1000DB33E9 /* Debug */ = {
			isa = XCBuildConfiguration;
			buildSettings = {
				ALWAYS_EMBED_SWIFT_STANDARD_LIBRARIES = YES;
				CODE_SIGN_STYLE = Automatic;
				CURRENT_PROJECT_VERSION = 1;
				DEVELOPMENT_TEAM = 9DLE7FXSES;
				GENERATE_INFOPLIST_FILE = YES;
				MARKETING_VERSION = 1.0;
				PRODUCT_BUNDLE_IDENTIFIER = se.sr.InterviewUITests;
				PRODUCT_NAME = "$(TARGET_NAME)";
				SWIFT_EMIT_LOC_STRINGS = NO;
				SWIFT_VERSION = 5.0;
				TARGETED_DEVICE_FAMILY = "1,2";
				TEST_TARGET_NAME = Interview;
			};
			name = Debug;
		};
		6A2E650C292CCE1000DB33E9 /* Release */ = {
			isa = XCBuildConfiguration;
			buildSettings = {
				ALWAYS_EMBED_SWIFT_STANDARD_LIBRARIES = YES;
				CODE_SIGN_STYLE = Automatic;
				CURRENT_PROJECT_VERSION = 1;
				DEVELOPMENT_TEAM = 9DLE7FXSES;
				GENERATE_INFOPLIST_FILE = YES;
				MARKETING_VERSION = 1.0;
				PRODUCT_BUNDLE_IDENTIFIER = se.sr.InterviewUITests;
				PRODUCT_NAME = "$(TARGET_NAME)";
				SWIFT_EMIT_LOC_STRINGS = NO;
				SWIFT_VERSION = 5.0;
				TARGETED_DEVICE_FAMILY = "1,2";
				TEST_TARGET_NAME = Interview;
			};
			name = Release;
		};
/* End XCBuildConfiguration section */

/* Begin XCConfigurationList section */
		6A2E64D5292CCE0E00DB33E9 /* Build configuration list for PBXProject "Interview" */ = {
			isa = XCConfigurationList;
			buildConfigurations = (
				6A2E6502292CCE1000DB33E9 /* Debug */,
				6A2E6503292CCE1000DB33E9 /* Release */,
			);
			defaultConfigurationIsVisible = 0;
			defaultConfigurationName = Release;
		};
		6A2E6504292CCE1000DB33E9 /* Build configuration list for PBXNativeTarget "Interview" */ = {
			isa = XCConfigurationList;
			buildConfigurations = (
				6A2E6505292CCE1000DB33E9 /* Debug */,
				6A2E6506292CCE1000DB33E9 /* Release */,
			);
			defaultConfigurationIsVisible = 0;
			defaultConfigurationName = Release;
		};
		6A2E6507292CCE1000DB33E9 /* Build configuration list for PBXNativeTarget "InterviewTests" */ = {
			isa = XCConfigurationList;
			buildConfigurations = (
				6A2E6508292CCE1000DB33E9 /* Debug */,
				6A2E6509292CCE1000DB33E9 /* Release */,
			);
			defaultConfigurationIsVisible = 0;
			defaultConfigurationName = Release;
		};
		6A2E650A292CCE1000DB33E9 /* Build configuration list for PBXNativeTarget "InterviewUITests" */ = {
			isa = XCConfigurationList;
			buildConfigurations = (
				6A2E650B292CCE1000DB33E9 /* Debug */,
				6A2E650C292CCE1000DB33E9 /* Release */,
			);
			defaultConfigurationIsVisible = 0;
			defaultConfigurationName = Release;
		};
/* End XCConfigurationList section */
	};
	rootObject = 6A2E64D2292CCE0E00DB33E9 /* Project object */;
}
